Microsoft Visual Studio Solution File, Format Version 12.00
# Visual Studio Version 17
VisualStudioVersion = 17.5.2.0
MinimumVisualStudioVersion = 10.0.40219.1
Project("{FAE04EC0-301F-11D3-BF4B-00C04F79EFBC}") = "IcollatorForever", "IcollatorForever/IcollatorForever.csproj", "{6EA9F89F-DC19-B4B6-2379-AD9F0126E273}"
EndProject
Global
	GlobalSection(SolutionConfigurationPlatforms) = preSolution
		Debug|Any CPU = Debug|Any CPU
		Release|Any CPU = Release|Any CPU
	EndGlobalSection
	GlobalSection(ProjectConfigurationPlatforms) = postSolution
		{6EA9F89F-DC19-B4B6-2379-AD9F0126E273}.Debug|Any CPU.ActiveCfg = Debug|Any CPU
		{6EA9F89F-DC19-B4B6-2379-AD9F0126E273}.Debug|Any CPU.Build.0 = Debug|Any CPU
		{6EA9F89F-DC19-B4B6-2379-AD9F0126E273}.Release|Any CPU.ActiveCfg = Release|Any CPU
		{6EA9F89F-DC19-B4B6-2379-AD9F0126E273}.Release|Any CPU.Build.0 = Release|Any CPU
	EndGlobalSection
	GlobalSection(SolutionProperties) = preSolution
		HideSolutionNode = FALSE
	EndGlobalSection
	GlobalSection(ExtensibilityGlobals) = postSolution
		SolutionGuid = {8470C305-4F60-4BD7-928C-1FFE4A4CDEDB}
	EndGlobalSection
EndGlobal
